// !$*UTF8*$!
{
	archiveVersion = 1;
	classes = {
	};
	objectVersion = 56;
	objects = {

/* Begin PBXBuildFile section */
		511B6C032A27A75E0067AEBF /* Main.swift in Sources */ = {isa = PBXBuildFile; fileRef = 511B6C022A27A75E0067AEBF /* Main.swift */; };
		511B6C052A27A9C70067AEBF /* MetalTypes.swift in Sources */ = {isa = PBXBuildFile; fileRef = 511B6C042A27A9C70067AEBF /* MetalTypes.swift */; };
		511B6C072A27AA530067AEBF /* BasicShaders.metal in Sources */ = {isa = PBXBuildFile; fileRef = 511B6C062A27AA530067AEBF /* BasicShaders.metal */; };
		512439672A6D1FEB0021D320 /* ComputePipelineStateLibrary.swift in Sources */ = {isa = PBXBuildFile; fileRef = 512439662A6D1FEB0021D320 /* ComputePipelineStateLibrary.swift */; };
		512FFD592A66B965001987A0 /* Metamesh.mtl in Resources */ = {isa = PBXBuildFile; fileRef = 512FFD572A66B965001987A0 /* Metamesh.mtl */; };
		512FFD5A2A66B965001987A0 /* Metamesh.obj in Resources */ = {isa = PBXBuildFile; fileRef = 512FFD582A66B965001987A0 /* Metamesh.obj */; };
		512FFD5C2A66C7AB001987A0 /* TextureLibrary.swift in Sources */ = {isa = PBXBuildFile; fileRef = 512FFD5B2A66C7AB001987A0 /* TextureLibrary.swift */; };
		512FFD5F2A66D935001987A0 /* DirectionalLight.swift in Sources */ = {isa = PBXBuildFile; fileRef = 512FFD5E2A66D934001987A0 /* DirectionalLight.swift */; };
		512FFD612A66EF0A001987A0 /* FinalShaders.metal in Sources */ = {isa = PBXBuildFile; fileRef = 512FFD602A66EF0A001987A0 /* FinalShaders.metal */; };
		512FFD632A66F1A1001987A0 /* SamplerStateLibrary.swift in Sources */ = {isa = PBXBuildFile; fileRef = 512FFD622A66F1A1001987A0 /* SamplerStateLibrary.swift */; };
		513C1F452A28D972003155B0 /* Library.swift in Sources */ = {isa = PBXBuildFile; fileRef = 513C1F442A28D972003155B0 /* Library.swift */; };
		513C1F482A28DBBB003155B0 /* RenderPipelineStateLibrary.swift in Sources */ = {isa = PBXBuildFile; fileRef = 513C1F472A28DBBB003155B0 /* RenderPipelineStateLibrary.swift */; };
		513C1F4A2A28E064003155B0 /* GPLibrary.swift in Sources */ = {isa = PBXBuildFile; fileRef = 513C1F492A28E064003155B0 /* GPLibrary.swift */; };
		513C1F4C2A28E32D003155B0 /* VertexShaderLibrary.swift in Sources */ = {isa = PBXBuildFile; fileRef = 513C1F4B2A28E32D003155B0 /* VertexShaderLibrary.swift */; };
		513C1F4E2A28E97A003155B0 /* FragmentShaderLibrary.swift in Sources */ = {isa = PBXBuildFile; fileRef = 513C1F4D2A28E97A003155B0 /* FragmentShaderLibrary.swift */; };
		513C1F502A28EBCF003155B0 /* VertexDescriptorLibrary.swift in Sources */ = {isa = PBXBuildFile; fileRef = 513C1F4F2A28EBCF003155B0 /* VertexDescriptorLibrary.swift */; };
		513C1F532A28F23C003155B0 /* AssetLibrary.swift in Sources */ = {isa = PBXBuildFile; fileRef = 513C1F522A28F23C003155B0 /* AssetLibrary.swift */; };
		513C1F562A28FA9E003155B0 /* Shared.metal in Sources */ = {isa = PBXBuildFile; fileRef = 513C1F552A28FA9E003155B0 /* Shared.metal */; };
		513C1F582A28FBD4003155B0 /* Preferences.swift in Sources */ = {isa = PBXBuildFile; fileRef = 513C1F572A28FBD4003155B0 /* Preferences.swift */; };
		5148D8A22A23AD0F00F02654 /* ContentView.swift in Sources */ = {isa = PBXBuildFile; fileRef = 5148D8A12A23AD0F00F02654 /* ContentView.swift */; };
		5148D8A42A23AD1000F02654 /* Assets.xcassets in Resources */ = {isa = PBXBuildFile; fileRef = 5148D8A32A23AD1000F02654 /* Assets.xcassets */; };
		5148D8A72A23AD1000F02654 /* Preview Assets.xcassets in Resources */ = {isa = PBXBuildFile; fileRef = 5148D8A62A23AD1000F02654 /* Preview Assets.xcassets */; };
		5148D8AF2A23B7C100F02654 /* Renderer.swift in Sources */ = {isa = PBXBuildFile; fileRef = 5148D8AE2A23B7C100F02654 /* Renderer.swift */; };
		51641C712A2DF9AA00F5A16E /* MeshLoader.swift in Sources */ = {isa = PBXBuildFile; fileRef = 51641C702A2DF9AA00F5A16E /* MeshLoader.swift */; };
		51641C762A2DFA2600F5A16E /* Cube.obj in Resources */ = {isa = PBXBuildFile; fileRef = 51641C742A2DFA2600F5A16E /* Cube.obj */; };
		51641C772A2DFA2600F5A16E /* Cube.mtl in Resources */ = {isa = PBXBuildFile; fileRef = 51641C752A2DFA2600F5A16E /* Cube.mtl */; };
		51641C792A2E0AF700F5A16E /* DepthStencilStateLibrary.swift in Sources */ = {isa = PBXBuildFile; fileRef = 51641C782A2E0AF700F5A16E /* DepthStencilStateLibrary.swift */; };
		516E06ED2A6D97420011D18E /* GameObject.swift in Sources */ = {isa = PBXBuildFile; fileRef = 516E06EC2A6D97420011D18E /* GameObject.swift */; };
		516E06EF2A6D990A0011D18E /* CubeObject.swift in Sources */ = {isa = PBXBuildFile; fileRef = 516E06EE2A6D990A0011D18E /* CubeObject.swift */; };
		516E06F22A6D9E610011D18E /* Sphere.mtl in Resources */ = {isa = PBXBuildFile; fileRef = 516E06F02A6D9E610011D18E /* Sphere.mtl */; };
		516E06F32A6D9E610011D18E /* Sphere.obj in Resources */ = {isa = PBXBuildFile; fileRef = 516E06F12A6D9E610011D18E /* Sphere.obj */; };
		516E06F72A6D9FC10011D18E /* Wallpaper.jpeg in Resources */ = {isa = PBXBuildFile; fileRef = 516E06F62A6D9FC10011D18E /* Wallpaper.jpeg */; };
		51743E4C2A2CE1920062B0B8 /* MeshLibrary.swift in Sources */ = {isa = PBXBuildFile; fileRef = 51743E4B2A2CE1920062B0B8 /* MeshLibrary.swift */; };
		518323EC2A690F8B00D171FA /* ShadowShader.metal in Sources */ = {isa = PBXBuildFile; fileRef = 518323EB2A690F8B00D171FA /* ShadowShader.metal */; };
		518323EE2A691E5C00D171FA /* Shadows.metal in Sources */ = {isa = PBXBuildFile; fileRef = 518323ED2A691E5C00D171FA /* Shadows.metal */; };
		5188BC712A2B90ED00AD5CB2 /* Camera.swift in Sources */ = {isa = PBXBuildFile; fileRef = 5188BC702A2B90ED00AD5CB2 /* Camera.swift */; };
		5188BC732A2B920300AD5CB2 /* CameraManager.swift in Sources */ = {isa = PBXBuildFile; fileRef = 5188BC722A2B920300AD5CB2 /* CameraManager.swift */; };
		518E4E752A2B0266007A7C83 /* SceneManager.swift in Sources */ = {isa = PBXBuildFile; fileRef = 518E4E742A2B0266007A7C83 /* SceneManager.swift */; };
		518E4E782A2B096E007A7C83 /* Node.swift in Sources */ = {isa = PBXBuildFile; fileRef = 518E4E772A2B096E007A7C83 /* Node.swift */; };
		518E4E7A2A2B0BA4007A7C83 /* Scene.swift in Sources */ = {isa = PBXBuildFile; fileRef = 518E4E792A2B0BA4007A7C83 /* Scene.swift */; };
		518E4E7F2A2B54B2007A7C83 /* BasicScene.swift in Sources */ = {isa = PBXBuildFile; fileRef = 518E4E7E2A2B54B2007A7C83 /* BasicScene.swift */; };
		518E4E812A2B56E1007A7C83 /* TestObject.swift in Sources */ = {isa = PBXBuildFile; fileRef = 518E4E802A2B56E1007A7C83 /* TestObject.swift */; };
		518E4E862A2B6801007A7C83 /* Math.swift in Sources */ = {isa = PBXBuildFile; fileRef = 518E4E852A2B6801007A7C83 /* Math.swift */; };
		51978FFF2A2504E600F87A20 /* Core.swift in Sources */ = {isa = PBXBuildFile; fileRef = 51978FFE2A2504E600F87A20 /* Core.swift */; };
		519790012A25065900F87A20 /* GameView.swift in Sources */ = {isa = PBXBuildFile; fileRef = 519790002A25065900F87A20 /* GameView.swift */; };
		51B299142A505E7E0043F3E1 /* InputManager.swift in Sources */ = {isa = PBXBuildFile; fileRef = 51B299132A505E7E0043F3E1 /* InputManager.swift */; };
		51BA0D212A6415A900A88604 /* Light.swift in Sources */ = {isa = PBXBuildFile; fileRef = 51BA0D202A6415A900A88604 /* Light.swift */; };
		51BA0D232A64171900A88604 /* LightManager.swift in Sources */ = {isa = PBXBuildFile; fileRef = 51BA0D222A64171900A88604 /* LightManager.swift */; };
		51BA0D252A641F1700A88604 /* PhongShading.metal in Sources */ = {isa = PBXBuildFile; fileRef = 51BA0D242A641F1700A88604 /* PhongShading.metal */; };
		51BA0D282A6440FB00A88604 /* FPSCamera.swift in Sources */ = {isa = PBXBuildFile; fileRef = 51BA0D272A6440FB00A88604 /* FPSCamera.swift */; };
		51CC128F2A6AC70C00B7C960 /* rng_header.metal in Sources */ = {isa = PBXBuildFile; fileRef = 51CC128D2A6AC70C00B7C960 /* rng_header.metal */; };
		51CC12902A6AC70C00B7C960 /* rng.metal in Sources */ = {isa = PBXBuildFile; fileRef = 51CC128E2A6AC70C00B7C960 /* rng.metal */; };
		51CC12922A6BBB0B00B7C960 /* JitterTextureShader.metal in Sources */ = {isa = PBXBuildFile; fileRef = 51CC12912A6BBB0B00B7C960 /* JitterTextureShader.metal */; };
/* End PBXBuildFile section */

/* Begin PBXFileReference section */
		511B6C022A27A75E0067AEBF /* Main.swift */ = {isa = PBXFileReference; lastKnownFileType = sourcecode.swift; path = Main.swift; sourceTree = "<group>"; };
		511B6C042A27A9C70067AEBF /* MetalTypes.swift */ = {isa = PBXFileReference; lastKnownFileType = sourcecode.swift; path = MetalTypes.swift; sourceTree = "<group>"; };
		511B6C062A27AA530067AEBF /* BasicShaders.metal */ = {isa = PBXFileReference; lastKnownFileType = sourcecode.metal; path = BasicShaders.metal; sourceTree = "<group>"; };
		512439662A6D1FEB0021D320 /* ComputePipelineStateLibrary.swift */ = {isa = PBXFileReference; lastKnownFileType = sourcecode.swift; path = ComputePipelineStateLibrary.swift; sourceTree = "<group>"; };
		512FFD572A66B965001987A0 /* Metamesh.mtl */ = {isa = PBXFileReference; fileEncoding = 4; lastKnownFileType = text; path = Metamesh.mtl; sourceTree = "<group>"; };
		512FFD582A66B965001987A0 /* Metamesh.obj */ = {isa = PBXFileReference; fileEncoding = 4; lastKnownFileType = text; path = Metamesh.obj; sourceTree = "<group>"; };
		512FFD5B2A66C7AB001987A0 /* TextureLibrary.swift */ = {isa = PBXFileReference; lastKnownFileType = sourcecode.swift; path = TextureLibrary.swift; sourceTree = "<group>"; };
		512FFD5E2A66D934001987A0 /* DirectionalLight.swift */ = {isa = PBXFileReference; lastKnownFileType = sourcecode.swift; path = DirectionalLight.swift; sourceTree = "<group>"; };
		512FFD602A66EF0A001987A0 /* FinalShaders.metal */ = {isa = PBXFileReference; lastKnownFileType = sourcecode.metal; path = FinalShaders.metal; sourceTree = "<group>"; };
		512FFD622A66F1A1001987A0 /* SamplerStateLibrary.swift */ = {isa = PBXFileReference; lastKnownFileType = sourcecode.swift; path = SamplerStateLibrary.swift; sourceTree = "<group>"; };
		513C1F442A28D972003155B0 /* Library.swift */ = {isa = PBXFileReference; lastKnownFileType = sourcecode.swift; path = Library.swift; sourceTree = "<group>"; };
		513C1F472A28DBBB003155B0 /* RenderPipelineStateLibrary.swift */ = {isa = PBXFileReference; lastKnownFileType = sourcecode.swift; path = RenderPipelineStateLibrary.swift; sourceTree = "<group>"; };
		513C1F492A28E064003155B0 /* GPLibrary.swift */ = {isa = PBXFileReference; lastKnownFileType = sourcecode.swift; path = GPLibrary.swift; sourceTree = "<group>"; };
		513C1F4B2A28E32D003155B0 /* VertexShaderLibrary.swift */ = {isa = PBXFileReference; lastKnownFileType = sourcecode.swift; path = VertexShaderLibrary.swift; sourceTree = "<group>"; };
		513C1F4D2A28E97A003155B0 /* FragmentShaderLibrary.swift */ = {isa = PBXFileReference; lastKnownFileType = sourcecode.swift; path = FragmentShaderLibrary.swift; sourceTree = "<group>"; };
		513C1F4F2A28EBCF003155B0 /* VertexDescriptorLibrary.swift */ = {isa = PBXFileReference; lastKnownFileType = sourcecode.swift; path = VertexDescriptorLibrary.swift; sourceTree = "<group>"; };
		513C1F522A28F23C003155B0 /* AssetLibrary.swift */ = {isa = PBXFileReference; lastKnownFileType = sourcecode.swift; path = AssetLibrary.swift; sourceTree = "<group>"; };
		513C1F552A28FA9E003155B0 /* Shared.metal */ = {isa = PBXFileReference; lastKnownFileType = sourcecode.metal; path = Shared.metal; sourceTree = "<group>"; };
		513C1F572A28FBD4003155B0 /* Preferences.swift */ = {isa = PBXFileReference; lastKnownFileType = sourcecode.swift; path = Preferences.swift; sourceTree = "<group>"; };
		5148D89C2A23AD0F00F02654 /* Metal Engine#13.app */ = {isa = PBXFileReference; explicitFileType = wrapper.application; includeInIndex = 0; path = "Metal Engine#13.app"; sourceTree = BUILT_PRODUCTS_DIR; };
		5148D8A12A23AD0F00F02654 /* ContentView.swift */ = {isa = PBXFileReference; lastKnownFileType = sourcecode.swift; path = ContentView.swift; sourceTree = "<group>"; };
		5148D8A32A23AD1000F02654 /* Assets.xcassets */ = {isa = PBXFileReference; lastKnownFileType = folder.assetcatalog; path = Assets.xcassets; sourceTree = "<group>"; };
		5148D8A62A23AD1000F02654 /* Preview Assets.xcassets */ = {isa = PBXFileReference; lastKnownFileType = folder.assetcatalog; path = "Preview Assets.xcassets"; sourceTree = "<group>"; };
		5148D8A82A23AD1000F02654 /* Metal_Engine_13.entitlements */ = {isa = PBXFileReference; lastKnownFileType = text.plist.entitlements; path = Metal_Engine_13.entitlements; sourceTree = "<group>"; };
		5148D8AE2A23B7C100F02654 /* Renderer.swift */ = {isa = PBXFileReference; lastKnownFileType = sourcecode.swift; path = Renderer.swift; sourceTree = "<group>"; };
		51641C702A2DF9AA00F5A16E /* MeshLoader.swift */ = {isa = PBXFileReference; lastKnownFileType = sourcecode.swift; path = MeshLoader.swift; sourceTree = "<group>"; };
		51641C742A2DFA2600F5A16E /* Cube.obj */ = {isa = PBXFileReference; fileEncoding = 4; lastKnownFileType = text; path = Cube.obj; sourceTree = "<group>"; };
		51641C752A2DFA2600F5A16E /* Cube.mtl */ = {isa = PBXFileReference; fileEncoding = 4; lastKnownFileType = text; path = Cube.mtl; sourceTree = "<group>"; };
		51641C782A2E0AF700F5A16E /* DepthStencilStateLibrary.swift */ = {isa = PBXFileReference; lastKnownFileType = sourcecode.swift; path = DepthStencilStateLibrary.swift; sourceTree = "<group>"; };
		516E06EC2A6D97420011D18E /* GameObject.swift */ = {isa = PBXFileReference; lastKnownFileType = sourcecode.swift; path = GameObject.swift; sourceTree = "<group>"; };
		516E06EE2A6D990A0011D18E /* CubeObject.swift */ = {isa = PBXFileReference; lastKnownFileType = sourcecode.swift; path = CubeObject.swift; sourceTree = "<group>"; };
		516E06F02A6D9E610011D18E /* Sphere.mtl */ = {isa = PBXFileReference; fileEncoding = 4; lastKnownFileType = text; path = Sphere.mtl; sourceTree = "<group>"; };
		516E06F12A6D9E610011D18E /* Sphere.obj */ = {isa = PBXFileReference; fileEncoding = 4; lastKnownFileType = text; path = Sphere.obj; sourceTree = "<group>"; };
		516E06F62A6D9FC10011D18E /* Wallpaper.jpeg */ = {isa = PBXFileReference; lastKnownFileType = image.jpeg; path = Wallpaper.jpeg; sourceTree = "<group>"; };
		51743E4B2A2CE1920062B0B8 /* MeshLibrary.swift */ = {isa = PBXFileReference; lastKnownFileType = sourcecode.swift; path = MeshLibrary.swift; sourceTree = "<group>"; };
		518323EB2A690F8B00D171FA /* ShadowShader.metal */ = {isa = PBXFileReference; lastKnownFileType = sourcecode.metal; path = ShadowShader.metal; sourceTree = "<group>"; };
		518323ED2A691E5C00D171FA /* Shadows.metal */ = {isa = PBXFileReference; lastKnownFileType = sourcecode.metal; path = Shadows.metal; sourceTree = "<group>"; };
		5188BC702A2B90ED00AD5CB2 /* Camera.swift */ = {isa = PBXFileReference; lastKnownFileType = sourcecode.swift; path = Camera.swift; sourceTree = "<group>"; };
		5188BC722A2B920300AD5CB2 /* CameraManager.swift */ = {isa = PBXFileReference; lastKnownFileType = sourcecode.swift; path = CameraManager.swift; sourceTree = "<group>"; };
		518E4E742A2B0266007A7C83 /* SceneManager.swift */ = {isa = PBXFileReference; lastKnownFileType = sourcecode.swift; path = SceneManager.swift; sourceTree = "<group>"; };
		518E4E772A2B096E007A7C83 /* Node.swift */ = {isa = PBXFileReference; lastKnownFileType = sourcecode.swift; path = Node.swift; sourceTree = "<group>"; };
		518E4E792A2B0BA4007A7C83 /* Scene.swift */ = {isa = PBXFileReference; lastKnownFileType = sourcecode.swift; path = Scene.swift; sourceTree = "<group>"; };
		518E4E7E2A2B54B2007A7C83 /* BasicScene.swift */ = {isa = PBXFileReference; lastKnownFileType = sourcecode.swift; path = BasicScene.swift; sourceTree = "<group>"; };
		518E4E802A2B56E1007A7C83 /* TestObject.swift */ = {isa = PBXFileReference; lastKnownFileType = sourcecode.swift; path = TestObject.swift; sourceTree = "<group>"; };
		518E4E852A2B6801007A7C83 /* Math.swift */ = {isa = PBXFileReference; lastKnownFileType = sourcecode.swift; path = Math.swift; sourceTree = "<group>"; };
		51978FFE2A2504E600F87A20 /* Core.swift */ = {isa = PBXFileReference; lastKnownFileType = sourcecode.swift; path = Core.swift; sourceTree = "<group>"; };
		519790002A25065900F87A20 /* GameView.swift */ = {isa = PBXFileReference; lastKnownFileType = sourcecode.swift; path = GameView.swift; sourceTree = "<group>"; };
		51B299132A505E7E0043F3E1 /* InputManager.swift */ = {isa = PBXFileReference; fileEncoding = 4; lastKnownFileType = sourcecode.swift; path = InputManager.swift; sourceTree = "<group>"; };
		51B299182A5079C30043F3E1 /* Metal-Engine-13-Info.plist */ = {isa = PBXFileReference; lastKnownFileType = text.plist.xml; name = "Metal-Engine-13-Info.plist"; path = "Metal Engine#13/OtherFiles/Metal-Engine-13-Info.plist"; sourceTree = SOURCE_ROOT; };
		51BA0D202A6415A900A88604 /* Light.swift */ = {isa = PBXFileReference; lastKnownFileType = sourcecode.swift; path = Light.swift; sourceTree = "<group>"; };
		51BA0D222A64171900A88604 /* LightManager.swift */ = {isa = PBXFileReference; lastKnownFileType = sourcecode.swift; path = LightManager.swift; sourceTree = "<group>"; };
		51BA0D242A641F1700A88604 /* PhongShading.metal */ = {isa = PBXFileReference; lastKnownFileType = sourcecode.metal; path = PhongShading.metal; sourceTree = "<group>"; };
		51BA0D272A6440FB00A88604 /* FPSCamera.swift */ = {isa = PBXFileReference; lastKnownFileType = sourcecode.swift; path = FPSCamera.swift; sourceTree = "<group>"; };
		51CC128D2A6AC70C00B7C960 /* rng_header.metal */ = {isa = PBXFileReference; fileEncoding = 4; lastKnownFileType = sourcecode.metal; path = rng_header.metal; sourceTree = "<group>"; };
		51CC128E2A6AC70C00B7C960 /* rng.metal */ = {isa = PBXFileReference; fileEncoding = 4; lastKnownFileType = sourcecode.metal; path = rng.metal; sourceTree = "<group>"; };
		51CC12912A6BBB0B00B7C960 /* JitterTextureShader.metal */ = {isa = PBXFileReference; lastKnownFileType = sourcecode.metal; path = JitterTextureShader.metal; sourceTree = "<group>"; };
/* End PBXFileReference section */

/* Begin PBXFrameworksBuildPhase section */
		5148D8992A23AD0F00F02654 /* Frameworks */ = {
			isa = PBXFrameworksBuildPhase;
			buildActionMask = 2147483647;
			files = (
			);
			runOnlyForDeploymentPostprocessing = 0;
		};
/* End PBXFrameworksBuildPhase section */

/* Begin PBXGroup section */
		511B6C012A27A7270067AEBF /* Core */ = {
			isa = PBXGroup;
			children = (
				51978FFE2A2504E600F87A20 /* Core.swift */,
				513C1F572A28FBD4003155B0 /* Preferences.swift */,
				518E4E852A2B6801007A7C83 /* Math.swift */,
				513C1F462A28DB92003155B0 /* Types */,
			);
			path = Core;
			sourceTree = "<group>";
		};
		512FFD5D2A66D926001987A0 /* Lights */ = {
			isa = PBXGroup;
			children = (
				51BA0D202A6415A900A88604 /* Light.swift */,
				512FFD5E2A66D934001987A0 /* DirectionalLight.swift */,
			);
			path = Lights;
			sourceTree = "<group>";
		};
		513C1F3F2A28D623003155B0 /* Display */ = {
			isa = PBXGroup;
			children = (
				5148D8A12A23AD0F00F02654 /* ContentView.swift */,
				519790002A25065900F87A20 /* GameView.swift */,
				511B6C022A27A75E0067AEBF /* Main.swift */,
				5148D8AE2A23B7C100F02654 /* Renderer.swift */,
			);
			path = Display;
			sourceTree = "<group>";
		};
		513C1F402A28D651003155B0 /* OtherFiles */ = {
			isa = PBXGroup;
			children = (
				51B299182A5079C30043F3E1 /* Metal-Engine-13-Info.plist */,
				5148D8A82A23AD1000F02654 /* Metal_Engine_13.entitlements */,
			);
			path = OtherFiles;
			sourceTree = "<group>";
		};
		513C1F412A28D742003155B0 /* Graphics */ = {
			isa = PBXGroup;
			children = (
				513C1F492A28E064003155B0 /* GPLibrary.swift */,
				513C1F422A28D75F003155B0 /* Libraries */,
				513C1F432A28D768003155B0 /* RenderShaders */,
			);
			path = Graphics;
			sourceTree = "<group>";
		};
		513C1F422A28D75F003155B0 /* Libraries */ = {
			isa = PBXGroup;
			children = (
				513C1F472A28DBBB003155B0 /* RenderPipelineStateLibrary.swift */,
				512439662A6D1FEB0021D320 /* ComputePipelineStateLibrary.swift */,
				513C1F4F2A28EBCF003155B0 /* VertexDescriptorLibrary.swift */,
				513C1F4B2A28E32D003155B0 /* VertexShaderLibrary.swift */,
				513C1F4D2A28E97A003155B0 /* FragmentShaderLibrary.swift */,
				51641C782A2E0AF700F5A16E /* DepthStencilStateLibrary.swift */,
				512FFD622A66F1A1001987A0 /* SamplerStateLibrary.swift */,
			);
			path = Libraries;
			sourceTree = "<group>";
		};
		513C1F432A28D768003155B0 /* RenderShaders */ = {
			isa = PBXGroup;
			children = (
				51CC128C2A6AC70000B7C960 /* Random */,
				51CC12912A6BBB0B00B7C960 /* JitterTextureShader.metal */,
				513C1F552A28FA9E003155B0 /* Shared.metal */,
				511B6C062A27AA530067AEBF /* BasicShaders.metal */,
				512FFD602A66EF0A001987A0 /* FinalShaders.metal */,
				51BA0D242A641F1700A88604 /* PhongShading.metal */,
				518323EB2A690F8B00D171FA /* ShadowShader.metal */,
				518323ED2A691E5C00D171FA /* Shadows.metal */,
			);
			path = RenderShaders;
			sourceTree = "<group>";
		};
		513C1F462A28DB92003155B0 /* Types */ = {
			isa = PBXGroup;
			children = (
				511B6C042A27A9C70067AEBF /* MetalTypes.swift */,
				513C1F442A28D972003155B0 /* Library.swift */,
			);
			path = Types;
			sourceTree = "<group>";
		};
		513C1F512A28F208003155B0 /* GameAssets */ = {
			isa = PBXGroup;
			children = (
				513C1F542A28F50F003155B0 /* AssetLibrary */,
				51641C722A2DF9B300F5A16E /* Loaders */,
			);
			path = GameAssets;
			sourceTree = "<group>";
		};
		513C1F542A28F50F003155B0 /* AssetLibrary */ = {
			isa = PBXGroup;
			children = (
				513C1F522A28F23C003155B0 /* AssetLibrary.swift */,
				51743E4B2A2CE1920062B0B8 /* MeshLibrary.swift */,
				512FFD5B2A66C7AB001987A0 /* TextureLibrary.swift */,
			);
			path = AssetLibrary;
			sourceTree = "<group>";
		};
		51477C6A2A2A3AFC00293CCC /* Managers */ = {
			isa = PBXGroup;
			children = (
				51B299132A505E7E0043F3E1 /* InputManager.swift */,
				518E4E742A2B0266007A7C83 /* SceneManager.swift */,
				5188BC722A2B920300AD5CB2 /* CameraManager.swift */,
				51BA0D222A64171900A88604 /* LightManager.swift */,
			);
			path = Managers;
			sourceTree = "<group>";
		};
		5148D8932A23AD0F00F02654 = {
			isa = PBXGroup;
			children = (
				5148D89E2A23AD0F00F02654 /* Metal Engine#13 */,
				5148D89D2A23AD0F00F02654 /* Products */,
			);
			sourceTree = "<group>";
		};
		5148D89D2A23AD0F00F02654 /* Products */ = {
			isa = PBXGroup;
			children = (
				5148D89C2A23AD0F00F02654 /* Metal Engine#13.app */,
			);
			name = Products;
			sourceTree = "<group>";
		};
		5148D89E2A23AD0F00F02654 /* Metal Engine#13 */ = {
			isa = PBXGroup;
			children = (
				511B6C012A27A7270067AEBF /* Core */,
				51477C6A2A2A3AFC00293CCC /* Managers */,
				513C1F512A28F208003155B0 /* GameAssets */,
				513C1F412A28D742003155B0 /* Graphics */,
				513C1F3F2A28D623003155B0 /* Display */,
				518E4E762A2B0522007A7C83 /* Node */,
				518E4E822A2B5816007A7C83 /* Content */,
				5148D8A32A23AD1000F02654 /* Assets.xcassets */,
				51641C732A2DFA0500F5A16E /* Assets */,
				513C1F402A28D651003155B0 /* OtherFiles */,
				5148D8A52A23AD1000F02654 /* Preview Content */,
			);
			path = "Metal Engine#13";
			sourceTree = "<group>";
		};
		5148D8A52A23AD1000F02654 /* Preview Content */ = {
			isa = PBXGroup;
			children = (
				5148D8A62A23AD1000F02654 /* Preview Assets.xcassets */,
			);
			path = "Preview Content";
			sourceTree = "<group>";
		};
		51641C722A2DF9B300F5A16E /* Loaders */ = {
			isa = PBXGroup;
			children = (
				51641C702A2DF9AA00F5A16E /* MeshLoader.swift */,
			);
			path = Loaders;
			sourceTree = "<group>";
		};
		51641C732A2DFA0500F5A16E /* Assets */ = {
			isa = PBXGroup;
			children = (
				516E06F52A6D9F590011D18E /* Textures */,
				516E06F42A6D9F510011D18E /* Meshes */,
			);
			path = Assets;
			sourceTree = "<group>";
		};
		516E06F42A6D9F510011D18E /* Meshes */ = {
			isa = PBXGroup;
			children = (
				516E06F02A6D9E610011D18E /* Sphere.mtl */,
				516E06F12A6D9E610011D18E /* Sphere.obj */,
				512FFD572A66B965001987A0 /* Metamesh.mtl */,
				512FFD582A66B965001987A0 /* Metamesh.obj */,
				51641C752A2DFA2600F5A16E /* Cube.mtl */,
				51641C742A2DFA2600F5A16E /* Cube.obj */,
			);
			path = Meshes;
			sourceTree = "<group>";
		};
		516E06F52A6D9F590011D18E /* Textures */ = {
			isa = PBXGroup;
			children = (
				516E06F62A6D9FC10011D18E /* Wallpaper.jpeg */,
			);
			path = Textures;
			sourceTree = "<group>";
		};
		518E4E762A2B0522007A7C83 /* Node */ = {
			isa = PBXGroup;
			children = (
				512FFD5D2A66D926001987A0 /* Lights */,
				518E4E772A2B096E007A7C83 /* Node.swift */,
				518E4E792A2B0BA4007A7C83 /* Scene.swift */,
				5188BC702A2B90ED00AD5CB2 /* Camera.swift */,
				516E06EC2A6D97420011D18E /* GameObject.swift */,
			);
			path = Node;
			sourceTree = "<group>";
		};
		518E4E822A2B5816007A7C83 /* Content */ = {
			isa = PBXGroup;
			children = (
				51BA0D262A6440F000A88604 /* Cameras */,
				518E4E832A2B5834007A7C83 /* Scenes */,
				518E4E842A2B5839007A7C83 /* GameObjects */,
			);
			path = Content;
			sourceTree = "<group>";
		};
		518E4E832A2B5834007A7C83 /* Scenes */ = {
			isa = PBXGroup;
			children = (
				518E4E7E2A2B54B2007A7C83 /* BasicScene.swift */,
			);
			path = Scenes;
			sourceTree = "<group>";
		};
		518E4E842A2B5839007A7C83 /* GameObjects */ = {
			isa = PBXGroup;
			children = (
				518E4E802A2B56E1007A7C83 /* TestObject.swift */,
				516E06EE2A6D990A0011D18E /* CubeObject.swift */,
			);
			path = GameObjects;
			sourceTree = "<group>";
		};
		51BA0D262A6440F000A88604 /* Cameras */ = {
			isa = PBXGroup;
			children = (
				51BA0D272A6440FB00A88604 /* FPSCamera.swift */,
			);
			path = Cameras;
			sourceTree = "<group>";
		};
		51CC128C2A6AC70000B7C960 /* Random */ = {
			isa = PBXGroup;
			children = (
				51CC128D2A6AC70C00B7C960 /* rng_header.metal */,
				51CC128E2A6AC70C00B7C960 /* rng.metal */,
			);
			path = Random;
			sourceTree = "<group>";
		};
/* End PBXGroup section */

/* Begin PBXNativeTarget section */
		5148D89B2A23AD0F00F02654 /* Metal Engine#13 */ = {
			isa = PBXNativeTarget;
			buildConfigurationList = 5148D8AB2A23AD1000F02654 /* Build configuration list for PBXNativeTarget "Metal Engine#13" */;
			buildPhases = (
				5148D8982A23AD0F00F02654 /* Sources */,
				5148D8992A23AD0F00F02654 /* Frameworks */,
				5148D89A2A23AD0F00F02654 /* Resources */,
			);
			buildRules = (
			);
			dependencies = (
			);
			name = "Metal Engine#13";
			productName = "Metal Engine#13";
			productReference = 5148D89C2A23AD0F00F02654 /* Metal Engine#13.app */;
			productType = "com.apple.product-type.application";
		};
/* End PBXNativeTarget section */

/* Begin PBXProject section */
		5148D8942A23AD0F00F02654 /* Project object */ = {
			isa = PBXProject;
			attributes = {
				BuildIndependentTargetsInParallel = 1;
				LastSwiftUpdateCheck = 1430;
				LastUpgradeCheck = 1500;
				TargetAttributes = {
					5148D89B2A23AD0F00F02654 = {
						CreatedOnToolsVersion = 14.3;
					};
				};
			};
			buildConfigurationList = 5148D8972A23AD0F00F02654 /* Build configuration list for PBXProject "Metal Engine#13" */;
			compatibilityVersion = "Xcode 14.0";
			developmentRegion = en;
			hasScannedForEncodings = 0;
			knownRegions = (
				en,
				Base,
			);
			mainGroup = 5148D8932A23AD0F00F02654;
			productRefGroup = 5148D89D2A23AD0F00F02654 /* Products */;
			projectDirPath = "";
			projectRoot = "";
			targets = (
				5148D89B2A23AD0F00F02654 /* Metal Engine#13 */,
			);
		};
/* End PBXProject section */

/* Begin PBXResourcesBuildPhase section */
		5148D89A2A23AD0F00F02654 /* Resources */ = {
			isa = PBXResourcesBuildPhase;
			buildActionMask = 2147483647;
			files = (
				512FFD5A2A66B965001987A0 /* Metamesh.obj in Resources */,
				5148D8A72A23AD1000F02654 /* Preview Assets.xcassets in Resources */,
				516E06F32A6D9E610011D18E /* Sphere.obj in Resources */,
				51641C762A2DFA2600F5A16E /* Cube.obj in Resources */,
				516E06F72A6D9FC10011D18E /* Wallpaper.jpeg in Resources */,
				51641C772A2DFA2600F5A16E /* Cube.mtl in Resources */,
				516E06F22A6D9E610011D18E /* Sphere.mtl in Resources */,
				512FFD592A66B965001987A0 /* Metamesh.mtl in Resources */,
				5148D8A42A23AD1000F02654 /* Assets.xcassets in Resources */,
			);
			runOnlyForDeploymentPostprocessing = 0;
		};
/* End PBXResourcesBuildPhase section */

/* Begin PBXSourcesBuildPhase section */
		5148D8982A23AD0F00F02654 /* Sources */ = {
			isa = PBXSourcesBuildPhase;
			buildActionMask = 2147483647;
			files = (
				516E06ED2A6D97420011D18E /* GameObject.swift in Sources */,
				51B299142A505E7E0043F3E1 /* InputManager.swift in Sources */,
				512439672A6D1FEB0021D320 /* ComputePipelineStateLibrary.swift in Sources */,
				51CC12902A6AC70C00B7C960 /* rng.metal in Sources */,
				51CC128F2A6AC70C00B7C960 /* rng_header.metal in Sources */,
				5148D8A22A23AD0F00F02654 /* ContentView.swift in Sources */,
				512FFD632A66F1A1001987A0 /* SamplerStateLibrary.swift in Sources */,
				518E4E7F2A2B54B2007A7C83 /* BasicScene.swift in Sources */,
				511B6C072A27AA530067AEBF /* BasicShaders.metal in Sources */,
				513C1F532A28F23C003155B0 /* AssetLibrary.swift in Sources */,
				518E4E862A2B6801007A7C83 /* Math.swift in Sources */,
				513C1F4E2A28E97A003155B0 /* FragmentShaderLibrary.swift in Sources */,
				512FFD5F2A66D935001987A0 /* DirectionalLight.swift in Sources */,
				51BA0D212A6415A900A88604 /* Light.swift in Sources */,
				513C1F582A28FBD4003155B0 /* Preferences.swift in Sources */,
				5188BC732A2B920300AD5CB2 /* CameraManager.swift in Sources */,
				513C1F562A28FA9E003155B0 /* Shared.metal in Sources */,
				512FFD612A66EF0A001987A0 /* FinalShaders.metal in Sources */,
				513C1F4A2A28E064003155B0 /* GPLibrary.swift in Sources */,
				5188BC712A2B90ED00AD5CB2 /* Camera.swift in Sources */,
				516E06EF2A6D990A0011D18E /* CubeObject.swift in Sources */,
				518323EE2A691E5C00D171FA /* Shadows.metal in Sources */,
				51BA0D252A641F1700A88604 /* PhongShading.metal in Sources */,
				51CC12922A6BBB0B00B7C960 /* JitterTextureShader.metal in Sources */,
				513C1F502A28EBCF003155B0 /* VertexDescriptorLibrary.swift in Sources */,
				5148D8AF2A23B7C100F02654 /* Renderer.swift in Sources */,
				51978FFF2A2504E600F87A20 /* Core.swift in Sources */,
				513C1F482A28DBBB003155B0 /* RenderPipelineStateLibrary.swift in Sources */,
				518E4E7A2A2B0BA4007A7C83 /* Scene.swift in Sources */,
				512FFD5C2A66C7AB001987A0 /* TextureLibrary.swift in Sources */,
				51BA0D232A64171900A88604 /* LightManager.swift in Sources */,
				518323EC2A690F8B00D171FA /* ShadowShader.metal in Sources */,
				518E4E782A2B096E007A7C83 /* Node.swift in Sources */,
				51743E4C2A2CE1920062B0B8 /* MeshLibrary.swift in Sources */,
				51BA0D282A6440FB00A88604 /* FPSCamera.swift in Sources */,
				51641C712A2DF9AA00F5A16E /* MeshLoader.swift in Sources */,
				518E4E812A2B56E1007A7C83 /* TestObject.swift in Sources */,
				513C1F4C2A28E32D003155B0 /* VertexShaderLibrary.swift in Sources */,
				511B6C052A27A9C70067AEBF /* MetalTypes.swift in Sources */,
				51641C792A2E0AF700F5A16E /* DepthStencilStateLibrary.swift in Sources */,
				518E4E752A2B0266007A7C83 /* SceneManager.swift in Sources */,
				519790012A25065900F87A20 /* GameView.swift in Sources */,
				511B6C032A27A75E0067AEBF /* Main.swift in Sources */,
				513C1F452A28D972003155B0 /* Library.swift in Sources */,
			);
			runOnlyForDeploymentPostprocessing = 0;
		};
/* End PBXSourcesBuildPhase section */

/* Begin XCBuildConfiguration section */
		5148D8A92A23AD1000F02654 /* Debug */ = {
			isa = XCBuildConfiguration;
			buildSettings = {
				ALWAYS_SEARCH_USER_PATHS = NO;
				CLANG_ANALYZER_NONNULL = YES;
				CLANG_ANALYZER_NUMBER_OBJECT_CONVERSION = YES_AGGRESSIVE;
				CLANG_CXX_LANGUAGE_STANDARD = "gnu++20";
				CLANG_ENABLE_MODULES = YES;
				CLANG_ENABLE_OBJC_ARC = YES;
				CLANG_ENABLE_OBJC_WEAK = YES;
				CLANG_WARN_BLOCK_CAPTURE_AUTORELEASING = YES;
				CLANG_WARN_BOOL_CONVERSION = YES;
				CLANG_WARN_COMMA = YES;
				CLANG_WARN_CONSTANT_CONVERSION = YES;
				CLANG_WARN_DEPRECATED_OBJC_IMPLEMENTATIONS = YES;
				CLANG_WARN_DIRECT_OBJC_ISA_USAGE = YES_ERROR;
				CLANG_WARN_DOCUMENTATION_COMMENTS = YES;
				CLANG_WARN_EMPTY_BODY = YES;
				CLANG_WARN_ENUM_CONVERSION = YES;
				CLANG_WARN_INFINITE_RECURSION = YES;
				CLANG_WARN_INT_CONVERSION = YES;
				CLANG_WARN_NON_LITERAL_NULL_CONVERSION = YES;
				CLANG_WARN_OBJC_IMPLICIT_RETAIN_SELF = YES;
				CLANG_WARN_OBJC_LITERAL_CONVERSION = YES;
				CLANG_WARN_OBJC_ROOT_CLASS = YES_ERROR;
				CLANG_WARN_QUOTED_INCLUDE_IN_FRAMEWORK_HEADER = YES;
				CLANG_WARN_RANGE_LOOP_ANALYSIS = YES;
				CLANG_WARN_STRICT_PROTOTYPES = YES;
				CLANG_WARN_SUSPICIOUS_MOVE = YES;
				CLANG_WARN_UNGUARDED_AVAILABILITY = YES_AGGRESSIVE;
				CLANG_WARN_UNREACHABLE_CODE = YES;
				CLANG_WARN__DUPLICATE_METHOD_MATCH = YES;
				COPY_PHASE_STRIP = NO;
				DEAD_CODE_STRIPPING = YES;
				DEBUG_INFORMATION_FORMAT = dwarf;
				ENABLE_STRICT_OBJC_MSGSEND = YES;
				ENABLE_TESTABILITY = YES;
				ENABLE_USER_SCRIPT_SANDBOXING = YES;
				GCC_C_LANGUAGE_STANDARD = gnu11;
				GCC_DYNAMIC_NO_PIC = NO;
				GCC_NO_COMMON_BLOCKS = YES;
				GCC_OPTIMIZATION_LEVEL = 0;
				GCC_PREPROCESSOR_DEFINITIONS = (
					"DEBUG=1",
					"$(inherited)",
				);
				GCC_WARN_64_TO_32_BIT_CONVERSION = YES;
				GCC_WARN_ABOUT_RETURN_TYPE = YES_ERROR;
				GCC_WARN_UNDECLARED_SELECTOR = YES;
				GCC_WARN_UNINITIALIZED_AUTOS = YES_AGGRESSIVE;
				GCC_WARN_UNUSED_FUNCTION = YES;
				GCC_WARN_UNUSED_VARIABLE = YES;
				MACOSX_DEPLOYMENT_TARGET = 13.3;
				MTL_ENABLE_DEBUG_INFO = INCLUDE_SOURCE;
				MTL_FAST_MATH = YES;
				ONLY_ACTIVE_ARCH = YES;
				SDKROOT = macosx;
				SWIFT_ACTIVE_COMPILATION_CONDITIONS = DEBUG;
				SWIFT_OPTIMIZATION_LEVEL = "-Onone";
			};
			name = Debug;
		};
		5148D8AA2A23AD1000F02654 /* Release */ = {
			isa = XCBuildConfiguration;
			buildSettings = {
				ALWAYS_SEARCH_USER_PATHS = NO;
				CLANG_ANALYZER_NONNULL = YES;
				CLANG_ANALYZER_NUMBER_OBJECT_CONVERSION = YES_AGGRESSIVE;
				CLANG_CXX_LANGUAGE_STANDARD = "gnu++20";
				CLANG_ENABLE_MODULES = YES;
				CLANG_ENABLE_OBJC_ARC = YES;
				CLANG_ENABLE_OBJC_WEAK = YES;
				CLANG_WARN_BLOCK_CAPTURE_AUTORELEASING = YES;
				CLANG_WARN_BOOL_CONVERSION = YES;
				CLANG_WARN_COMMA = YES;
				CLANG_WARN_CONSTANT_CONVERSION = YES;
				CLANG_WARN_DEPRECATED_OBJC_IMPLEMENTATIONS = YES;
				CLANG_WARN_DIRECT_OBJC_ISA_USAGE = YES_ERROR;
				CLANG_WARN_DOCUMENTATION_COMMENTS = YES;
				CLANG_WARN_EMPTY_BODY = YES;
				CLANG_WARN_ENUM_CONVERSION = YES;
				CLANG_WARN_INFINITE_RECURSION = YES;
				CLANG_WARN_INT_CONVERSION = YES;
				CLANG_WARN_NON_LITERAL_NULL_CONVERSION = YES;
				CLANG_WARN_OBJC_IMPLICIT_RETAIN_SELF = YES;
				CLANG_WARN_OBJC_LITERAL_CONVERSION = YES;
				CLANG_WARN_OBJC_ROOT_CLASS = YES_ERROR;
				CLANG_WARN_QUOTED_INCLUDE_IN_FRAMEWORK_HEADER = YES;
				CLANG_WARN_RANGE_LOOP_ANALYSIS = YES;
				CLANG_WARN_STRICT_PROTOTYPES = YES;
				CLANG_WARN_SUSPICIOUS_MOVE = YES;
				CLANG_WARN_UNGUARDED_AVAILABILITY = YES_AGGRESSIVE;
				CLANG_WARN_UNREACHABLE_CODE = YES;
				CLANG_WARN__DUPLICATE_METHOD_MATCH = YES;
				COPY_PHASE_STRIP = NO;
				DEAD_CODE_STRIPPING = YES;
				DEBUG_INFORMATION_FORMAT = "dwarf-with-dsym";
				ENABLE_NS_ASSERTIONS = NO;
				ENABLE_STRICT_OBJC_MSGSEND = YES;
				ENABLE_USER_SCRIPT_SANDBOXING = YES;
				GCC_C_LANGUAGE_STANDARD = gnu11;
				GCC_NO_COMMON_BLOCKS = YES;
				GCC_WARN_64_TO_32_BIT_CONVERSION = YES;
				GCC_WARN_ABOUT_RETURN_TYPE = YES_ERROR;
				GCC_WARN_UNDECLARED_SELECTOR = YES;
				GCC_WARN_UNINITIALIZED_AUTOS = YES_AGGRESSIVE;
				GCC_WARN_UNUSED_FUNCTION = YES;
				GCC_WARN_UNUSED_VARIABLE = YES;
				MACOSX_DEPLOYMENT_TARGET = 13.3;
				MTL_ENABLE_DEBUG_INFO = NO;
				MTL_FAST_MATH = YES;
				SDKROOT = macosx;
				SWIFT_COMPILATION_MODE = wholemodule;
				SWIFT_OPTIMIZATION_LEVEL = "-O";
			};
			name = Release;
		};
		5148D8AC2A23AD1000F02654 /* Debug */ = {
			isa = XCBuildConfiguration;
			buildSettings = {
				ASSETCATALOG_COMPILER_APPICON_NAME = AppIcon;
				ASSETCATALOG_COMPILER_GLOBAL_ACCENT_COLOR_NAME = AccentColor;
				CODE_SIGN_ENTITLEMENTS = "Metal Engine#13/OtherFiles/Metal_Engine_13.entitlements";
				CODE_SIGN_IDENTITY = "Apple Development";
				"CODE_SIGN_IDENTITY[sdk=macosx*]" = "Apple Development";
				CODE_SIGN_STYLE = Automatic;
				COMBINE_HIDPI_IMAGES = YES;
				CURRENT_PROJECT_VERSION = 589;
				DEAD_CODE_STRIPPING = YES;
				DEVELOPMENT_ASSET_PATHS = "\"Metal Engine#13/Preview Content\"";
				DEVELOPMENT_TEAM = B8J394Q4M8;
				ENABLE_HARDENED_RUNTIME = YES;
				ENABLE_PREVIEWS = YES;
				GENERATE_INFOPLIST_FILE = YES;
				INFOPLIST_FILE = "Metal-Engine-13-Info.plist";
				INFOPLIST_KEY_CFBundleDisplayName = "Metal-Engine-13";
				INFOPLIST_KEY_LSApplicationCategoryType = "public.app-category.games";
				INFOPLIST_KEY_NSHumanReadableCopyright = "";
				LD_RUNPATH_SEARCH_PATHS = (
					"$(inherited)",
					"@executable_path/../Frameworks",
				);
				MACOSX_DEPLOYMENT_TARGET = 14.0;
				MARKETING_VERSION = 1.0.0;
				PRODUCT_BUNDLE_IDENTIFIER = "KudeKube-Studios.Metal-Engine-13";
				PRODUCT_NAME = "$(TARGET_NAME)";
				PROVISIONING_PROFILE_SPECIFIER = "";
				SWIFT_EMIT_LOC_STRINGS = YES;
				SWIFT_VERSION = 5.0;
			};
			name = Debug;
		};
		5148D8AD2A23AD1000F02654 /* Release */ = {
			isa = XCBuildConfiguration;
			buildSettings = {
				ASSETCATALOG_COMPILER_APPICON_NAME = AppIcon;
				ASSETCATALOG_COMPILER_GLOBAL_ACCENT_COLOR_NAME = AccentColor;
				CODE_SIGN_ENTITLEMENTS = "Metal Engine#13/OtherFiles/Metal_Engine_13.entitlements";
				CODE_SIGN_IDENTITY = "Apple Development";
				"CODE_SIGN_IDENTITY[sdk=macosx*]" = "Apple Development";
				CODE_SIGN_STYLE = Automatic;
				COMBINE_HIDPI_IMAGES = YES;
				CURRENT_PROJECT_VERSION = 589;
				DEAD_CODE_STRIPPING = YES;
				DEVELOPMENT_ASSET_PATHS = "\"Metal Engine#13/Preview Content\"";
				DEVELOPMENT_TEAM = B8J394Q4M8;
				ENABLE_HARDENED_RUNTIME = YES;
				ENABLE_PREVIEWS = YES;
				GENERATE_INFOPLIST_FILE = YES;
				INFOPLIST_FILE = "Metal-Engine-13-Info.plist";
				INFOPLIST_KEY_CFBundleDisplayName = "Metal-Engine-13";
				INFOPLIST_KEY_LSApplicationCategoryType = "public.app-category.games";
				INFOPLIST_KEY_NSHumanReadableCopyright = "";
				LD_RUNPATH_SEARCH_PATHS = (
					"$(inherited)",
					"@executable_path/../Frameworks",
				);
				MACOSX_DEPLOYMENT_TARGET = 14.0;
				MARKETING_VERSION = 1.0.0;
				PRODUCT_BUNDLE_IDENTIFIER = "KudeKube-Studios.Metal-Engine-13";
				PRODUCT_NAME = "$(TARGET_NAME)";
				PROVISIONING_PROFILE_SPECIFIER = "";
				SWIFT_EMIT_LOC_STRINGS = YES;
				SWIFT_VERSION = 5.0;
			};
			name = Release;
		};
/* End XCBuildConfiguration section */

/* Begin XCConfigurationList section */
		5148D8972A23AD0F00F02654 /* Build configuration list for PBXProject "Metal Engine#13" */ = {
			isa = XCConfigurationList;
			buildConfigurations = (
				5148D8A92A23AD1000F02654 /* Debug */,
				5148D8AA2A23AD1000F02654 /* Release */,
			);
			defaultConfigurationIsVisible = 0;
			defaultConfigurationName = Release;
		};
		5148D8AB2A23AD1000F02654 /* Build configuration list for PBXNativeTarget "Metal Engine#13" */ = {
			isa = XCConfigurationList;
			buildConfigurations = (
				5148D8AC2A23AD1000F02654 /* Debug */,
				5148D8AD2A23AD1000F02654 /* Release */,
			);
			defaultConfigurationIsVisible = 0;
			defaultConfigurationName = Release;
		};
/* End XCConfigurationList section */
	};
	rootObject = 5148D8942A23AD0F00F02654 /* Project object */;
}
